
Microsoft Visual Studio Solution File, Format Version 12.00
# Visual Studio Version 17
VisualStudioVersion = 17.8.34309.116
MinimumVisualStudioVersion = 10.0.40219.1
Project("{8BC9CEB8-8B4A-11D0-8D11-00A0C91BC942}") = "example2022_X64", "example2022_X64\example2022_X64.vcxproj", "{77B47597-95B8-47CF-9CA6-F0E85A14762E}"
EndProject
Global
	GlobalSection(SolutionConfigurationPlatforms) = preSolution
		Debug|x64 = Debug|x64
		Release|x64 = Release|x64
	EndGlobalSection
	GlobalSection(ProjectConfigurationPlatforms) = postSolution
		{77B47597-95B8-47CF-9CA6-F0E85A14762E}.Debug|x64.ActiveCfg = Debug|x64
		{77B47597-95B8-47CF-9CA6-F0E85A14762E}.Debug|x64.Build.0 = Debug|x64
		{77B47597-95B8-47CF-9CA6-F0E85A14762E}.Release|x64.ActiveCfg = Release|x64
		{77B47597-95B8-47CF-9CA6-F0E85A14762E}.Release|x64.Build.0 = Release|x64
	EndGlobalSection
	GlobalSection(SolutionProperties) = preSolution
		HideSolutionNode = FALSE
	EndGlobalSection
	GlobalSection(ExtensibilityGlobals) = postSolution
		SolutionGuid = {A1D89DDD-DE76-4896-9D19-B4D52E73617C}
	EndGlobalSection
EndGlobal
